
Microsoft Visual Studio Solution File, Format Version 12.00
# Visual Studio Version 17
VisualStudioVersion = 17.10.35013.160
MinimumVisualStudioVersion = 10.0.40219.1
Project("{FAE04EC0-301F-11D3-BF4B-00C04F79EFBC}") = "ElectroWave", "ElectroWave\ElectroWave.csproj", "{41BA9008-13A0-41D2-85FF-76A32F88A361}"
EndProject
Global
	GlobalSection(SolutionConfigurationPlatforms) = preSolution
		Debug|Any CPU = Debug|Any CPU
		Release|Any CPU = Release|Any CPU
	EndGlobalSection
	GlobalSection(ProjectConfigurationPlatforms) = postSolution
		{41BA9008-13A0-41D2-85FF-76A32F88A361}.Debug|Any CPU.ActiveCfg = Debug|Any CPU
		{41BA9008-13A0-41D2-85FF-76A32F88A361}.Debug|Any CPU.Build.0 = Debug|Any CPU
		{41BA9008-13A0-41D2-85FF-76A32F88A361}.Release|Any CPU.ActiveCfg = Release|Any CPU
		{41BA9008-13A0-41D2-85FF-76A32F88A361}.Release|Any CPU.Build.0 = Release|Any CPU
	EndGlobalSection
	GlobalSection(SolutionProperties) = preSolution
		HideSolutionNode = FALSE
	EndGlobalSection
	GlobalSection(ExtensibilityGlobals) = postSolution
		SolutionGuid = {AC55433A-CA24-4922-92C2-5D3E4972725C}
	EndGlobalSection
EndGlobal
